<?xml version="1.0" encoding="UTF-8"?>
<Scheme
   LastUpgradeVersion = "0640"
   version = "1.3">
   <BuildAction
      parallelizeBuildables = "YES"
      buildImplicitDependencies = "YES">
      <BuildActionEntries>
         <BuildActionEntry
            buildForTesting = "YES"
            buildForRunning = "YES"
            buildForProfiling = "YES"
            buildForArchiving = "YES"
            buildForAnalyzing = "YES">
            <BuildableReference
               BuildableIdentifier = "primary"
               BlueprintIdentifier = "71996A211B9EFD8100590D46"
               BuildableName = "hearthebuzz WatchKit App.app"
               BlueprintName = "hearthebuzz WatchKit App"
               ReferencedContainer = "container:hear-the-buzz.xcodeproj">
            </BuildableReference>
         </BuildActionEntry>
         <BuildActionEntry
            buildForTesting = "YES"
            buildForRunning = "YES"
            buildForProfiling = "YES"
            buildForArchiving = "YES"
            buildForAnalyzing = "YES">
            <BuildableReference
               BuildableIdentifier = "primary"
               BlueprintIdentifier = "49B2CFC21B0A7A5B005828EF"
               BuildableName = "Buzz.app"
               BlueprintName = "hear-the-buzz"
               ReferencedContainer = "container:hear-the-buzz.xcodeproj">
            </BuildableReference>
         </BuildActionEntry>
         <BuildActionEntry
            buildForTesting = "YES"
            buildForRunning = "YES"
            buildForProfiling = "YES"
            buildForArchiving = "YES"
            buildForAnalyzing = "YES">
            <BuildableReference
               BuildableIdentifier = "primary"
               BlueprintIdentifier = "71996A171B9EFD8100590D46"
               BuildableName = "hearthebuzz WatchKit Extension.appex"
               BlueprintName = "hearthebuzz WatchKit Extension"
               ReferencedContainer = "container:hear-the-buzz.xcodeproj">
            </BuildableReference>
         </BuildActionEntry>
      </BuildActionEntries>
   </BuildAction>
   <TestAction
      selectedDebuggerIdentifier = "Xcode.DebuggerFoundation.Debugger.LLDB"
      selectedLauncherIdentifier = "Xcode.DebuggerFoundation.Launcher.LLDB"
      shouldUseLaunchSchemeArgsEnv = "YES"
      buildConfiguration = "Debug">
      <Testables>
      </Testables>
      <MacroExpansion>
         <BuildableReference
            BuildableIdentifier = "primary"
            BlueprintIdentifier = "71996A211B9EFD8100590D46"
            BuildableName = "hearthebuzz WatchKit App.app"
            BlueprintName = "hearthebuzz WatchKit App"
            ReferencedContainer = "container:hear-the-buzz.xcodeproj">
         </BuildableReference>
      </MacroExpansion>
   </TestAction>
   <LaunchAction
      selectedDebuggerIdentifier = "Xcode.DebuggerFoundation.Debugger.LLDB"
      selectedLauncherIdentifier = "Xcode.DebuggerFoundation.Launcher.LLDB"
      launchStyle = "0"
      useCustomWorkingDirectory = "NO"
      buildConfiguration = "Debug"
      ignoresPersistentStateOnLaunch = "NO"
      debugDocumentVersioning = "YES"
      allowLocationSimulation = "YES">
      <RemoteRunnable
         runnableDebuggingMode = "2"
         BundleIdentifier = "com.apple.springboard"
         RemotePath = "/hearthebuzz">
         <BuildableReference
            BuildableIdentifier = "primary"
            BlueprintIdentifier = "71996A211B9EFD8100590D46"
            BuildableName = "hearthebuzz WatchKit App.app"
            BlueprintName = "hearthebuzz WatchKit App"
            ReferencedContainer = "container:hear-the-buzz.xcodeproj">
         </BuildableReference>
      </RemoteRunnable>
      <MacroExpansion>
         <BuildableReference
            BuildableIdentifier = "primary"
            BlueprintIdentifier = "71996A211B9EFD8100590D46"
            BuildableName = "hearthebuzz WatchKit App.app"
            BlueprintName = "hearthebuzz WatchKit App"
            ReferencedContainer = "container:hear-the-buzz.xcodeproj">
         </BuildableReference>
      </MacroExpansion>
      <AdditionalOptions>
      </AdditionalOptions>
   </LaunchAction>
   <ProfileAction
      shouldUseLaunchSchemeArgsEnv = "YES"
      savedToolIdentifier = ""
      useCustomWorkingDirectory = "NO"
      buildConfiguration = "Release"
      debugDocumentVersioning = "YES">
      <RemoteRunnable
         runnableDebuggingMode = "2"
         BundleIdentifier = "com.apple.springboard"
         RemotePath = "/hearthebuzz">
         <BuildableReference
            BuildableIdentifier = "primary"
            BlueprintIdentifier = "71996A211B9EFD8100590D46"
            BuildableName = "hearthebuzz WatchKit App.app"
            BlueprintName = "hearthebuzz WatchKit App"
            ReferencedContainer = "container:hear-the-buzz.xcodeproj">
         </BuildableReference>
      </RemoteRunnable>
      <MacroExpansion>
         <BuildableReference
            BuildableIdentifier = "primary"
            BlueprintIdentifier = "71996A211B9EFD8100590D46"
            BuildableName = "hearthebuzz WatchKit App.app"
            BlueprintName = "hearthebuzz WatchKit App"
            ReferencedContainer = "container:hear-the-buzz.xcodeproj">
         </BuildableReference>
      </MacroExpansion>
   </ProfileAction>
   <AnalyzeAction
      buildConfiguration = "Debug">
   </AnalyzeAction>
   <ArchiveAction
      buildConfiguration = "Release"
      revealArchiveInOrganizer = "YES">
   </ArchiveAction>
</Scheme>
